
Microsoft Visual Studio Solution File, Format Version 12.00
# Visual Studio 2013
VisualStudioVersion = 12.0.30501.0
MinimumVisualStudioVersion = 10.0.40219.1
Project("{FAE04EC0-301F-11D3-BF4B-00C04F79EFBC}") = "MusicPlayer", "MusicPlayer\MusicPlayer.csproj", "{6DC9E081-28DA-404A-8B77-65793B2B7A88}"
EndProject
Global
	GlobalSection(SolutionConfigurationPlatforms) = preSolution
		Debug|Any CPU = Debug|Any CPU
		Release|Any CPU = Release|Any CPU
	EndGlobalSection
	GlobalSection(ProjectConfigurationPlatforms) = postSolution
		{6DC9E081-28DA-404A-8B77-65793B2B7A88}.Debug|Any CPU.ActiveCfg = Debug|Any CPU
		{6DC9E081-28DA-404A-8B77-65793B2B7A88}.Debug|Any CPU.Build.0 = Debug|Any CPU
		{6DC9E081-28DA-404A-8B77-65793B2B7A88}.Release|Any CPU.ActiveCfg = Release|Any CPU
		{6DC9E081-28DA-404A-8B77-65793B2B7A88}.Release|Any CPU.Build.0 = Release|Any CPU
	EndGlobalSection
	GlobalSection(SolutionProperties) = preSolution
		HideSolutionNode = FALSE
	EndGlobalSection
EndGlobal
